// !$*UTF8*$!
{
	archiveVersion = 1;
	classes = {
	};
	objectVersion = 50;
	objects = {

/* Begin PBXBuildFile section */
		03ACED6B2359E3F9008277A6 /* RotationGestureVC.swift in Sources */ = {isa = PBXBuildFile; fileRef = 03ACED6A2359E3F9008277A6 /* RotationGestureVC.swift */; };
		03F968612358AF3200738DB6 /* SelectDemoVC.swift in Sources */ = {isa = PBXBuildFile; fileRef = 03F968602358AF3200738DB6 /* SelectDemoVC.swift */; };
		03F968632358B2BC00738DB6 /* PinchGestureVC.swift in Sources */ = {isa = PBXBuildFile; fileRef = 03F968622358B2BC00738DB6 /* PinchGestureVC.swift */; };
		261A79352358A252009A5F9F /* AppDelegate.swift in Sources */ = {isa = PBXBuildFile; fileRef = 261A79342358A252009A5F9F /* AppDelegate.swift */; };
		261A79372358A252009A5F9F /* SceneDelegate.swift in Sources */ = {isa = PBXBuildFile; fileRef = 261A79362358A252009A5F9F /* SceneDelegate.swift */; };
		261A79392358A252009A5F9F /* TapGestureVC.swift in Sources */ = {isa = PBXBuildFile; fileRef = 261A79382358A252009A5F9F /* TapGestureVC.swift */; };
		261A793C2358A252009A5F9F /* Main.storyboard in Resources */ = {isa = PBXBuildFile; fileRef = 261A793A2358A252009A5F9F /* Main.storyboard */; };
		261A793E2358A253009A5F9F /* Assets.xcassets in Resources */ = {isa = PBXBuildFile; fileRef = 261A793D2358A253009A5F9F /* Assets.xcassets */; };
		261A79412358A253009A5F9F /* LaunchScreen.storyboard in Resources */ = {isa = PBXBuildFile; fileRef = 261A793F2358A253009A5F9F /* LaunchScreen.storyboard */; };
		26546170235B081A005047B1 /* PanGestureVC.swift in Sources */ = {isa = PBXBuildFile; fileRef = 2654616F235B081A005047B1 /* PanGestureVC.swift */; };
/* End PBXBuildFile section */

/* Begin PBXFileReference section */
		03ACED6A2359E3F9008277A6 /* RotationGestureVC.swift */ = {isa = PBXFileReference; lastKnownFileType = sourcecode.swift; path = RotationGestureVC.swift; sourceTree = "<group>"; };
		03F968602358AF3200738DB6 /* SelectDemoVC.swift */ = {isa = PBXFileReference; lastKnownFileType = sourcecode.swift; path = SelectDemoVC.swift; sourceTree = "<group>"; };
		03F968622358B2BC00738DB6 /* PinchGestureVC.swift */ = {isa = PBXFileReference; lastKnownFileType = sourcecode.swift; path = PinchGestureVC.swift; sourceTree = "<group>"; };
		261A79312358A252009A5F9F /* GestureRecognizersDemo.app */ = {isa = PBXFileReference; explicitFileType = wrapper.application; includeInIndex = 0; path = GestureRecognizersDemo.app; sourceTree = BUILT_PRODUCTS_DIR; };
		261A79342358A252009A5F9F /* AppDelegate.swift */ = {isa = PBXFileReference; lastKnownFileType = sourcecode.swift; path = AppDelegate.swift; sourceTree = "<group>"; };
		261A79362358A252009A5F9F /* SceneDelegate.swift */ = {isa = PBXFileReference; lastKnownFileType = sourcecode.swift; path = SceneDelegate.swift; sourceTree = "<group>"; };
		261A79382358A252009A5F9F /* TapGestureVC.swift */ = {isa = PBXFileReference; lastKnownFileType = sourcecode.swift; path = TapGestureVC.swift; sourceTree = "<group>"; };
		261A793B2358A252009A5F9F /* Base */ = {isa = PBXFileReference; lastKnownFileType = file.storyboard; name = Base; path = Base.lproj/Main.storyboard; sourceTree = "<group>"; };
		261A793D2358A253009A5F9F /* Assets.xcassets */ = {isa = PBXFileReference; lastKnownFileType = folder.assetcatalog; path = Assets.xcassets; sourceTree = "<group>"; };
		261A79402358A253009A5F9F /* Base */ = {isa = PBXFileReference; lastKnownFileType = file.storyboard; name = Base; path = Base.lproj/LaunchScreen.storyboard; sourceTree = "<group>"; };
		261A79422358A253009A5F9F /* Info.plist */ = {isa = PBXFileReference; lastKnownFileType = text.plist.xml; path = Info.plist; sourceTree = "<group>"; };
		2654616F235B081A005047B1 /* PanGestureVC.swift */ = {isa = PBXFileReference; lastKnownFileType = sourcecode.swift; path = PanGestureVC.swift; sourceTree = "<group>"; };
/* End PBXFileReference section */

/* Begin PBXFrameworksBuildPhase section */
		261A792E2358A252009A5F9F /* Frameworks */ = {
			isa = PBXFrameworksBuildPhase;
			buildActionMask = 2147483647;
			files = (
			);
			runOnlyForDeploymentPostprocessing = 0;
		};
/* End PBXFrameworksBuildPhase section */

/* Begin PBXGroup section */
		033119C32359A1DB00BA2274 /* Controllers */ = {
			isa = PBXGroup;
			children = (
				03F968602358AF3200738DB6 /* SelectDemoVC.swift */,
				261A79382358A252009A5F9F /* TapGestureVC.swift */,
				03F968622358B2BC00738DB6 /* PinchGestureVC.swift */,
				03ACED6A2359E3F9008277A6 /* RotationGestureVC.swift */,
				2654616F235B081A005047B1 /* PanGestureVC.swift */,
			);
			path = Controllers;
			sourceTree = "<group>";
		};
		033119C42359A1EF00BA2274 /* Views */ = {
			isa = PBXGroup;
			children = (
				261A793A2358A252009A5F9F /* Main.storyboard */,
				261A793F2358A253009A5F9F /* LaunchScreen.storyboard */,
			);
			path = Views;
			sourceTree = "<group>";
		};
		261A79282358A252009A5F9F = {
			isa = PBXGroup;
			children = (
				261A79332358A252009A5F9F /* GestureRecognizersDemo */,
				261A79322358A252009A5F9F /* Products */,
			);
			sourceTree = "<group>";
		};
		261A79322358A252009A5F9F /* Products */ = {
			isa = PBXGroup;
			children = (
				261A79312358A252009A5F9F /* GestureRecognizersDemo.app */,
			);
			name = Products;
			sourceTree = "<group>";
		};
		261A79332358A252009A5F9F /* GestureRecognizersDemo */ = {
			isa = PBXGroup;
			children = (
				033119C42359A1EF00BA2274 /* Views */,
				033119C32359A1DB00BA2274 /* Controllers */,
				261A79342358A252009A5F9F /* AppDelegate.swift */,
				261A79362358A252009A5F9F /* SceneDelegate.swift */,
				261A793D2358A253009A5F9F /* Assets.xcassets */,
				261A79422358A253009A5F9F /* Info.plist */,
			);
			path = GestureRecognizersDemo;
			sourceTree = "<group>";
		};
/* End PBXGroup section */

/* Begin PBXNativeTarget section */
		261A79302358A252009A5F9F /* GestureRecognizersDemo */ = {
			isa = PBXNativeTarget;
			buildConfigurationList = 261A79452358A253009A5F9F /* Build configuration list for PBXNativeTarget "GestureRecognizersDemo" */;
			buildPhases = (
				261A792D2358A252009A5F9F /* Sources */,
				261A792E2358A252009A5F9F /* Frameworks */,
				261A792F2358A252009A5F9F /* Resources */,
			);
			buildRules = (
			);
			dependencies = (
			);
			name = GestureRecognizersDemo;
			productName = TapGestureRecognizerDemo;
			productReference = 261A79312358A252009A5F9F /* GestureRecognizersDemo.app */;
			productType = "com.apple.product-type.application";
		};
/* End PBXNativeTarget section */

/* Begin PBXProject section */
		261A79292358A252009A5F9F /* Project object */ = {
			isa = PBXProject;
			attributes = {
				LastSwiftUpdateCheck = 1110;
				LastUpgradeCheck = 1110;
				ORGANIZATIONNAME = "Bold Lion";
				TargetAttributes = {
					261A79302358A252009A5F9F = {
						CreatedOnToolsVersion = 11.1;
					};
				};
			};
			buildConfigurationList = 261A792C2358A252009A5F9F /* Build configuration list for PBXProject "GestureRecognizersDemo" */;
			compatibilityVersion = "Xcode 9.3";
			developmentRegion = en;
			hasScannedForEncodings = 0;
			knownRegions = (
				en,
				Base,
			);
			mainGroup = 261A79282358A252009A5F9F;
			productRefGroup = 261A79322358A252009A5F9F /* Products */;
			projectDirPath = "";
			projectRoot = "";
			targets = (
				261A79302358A252009A5F9F /* GestureRecognizersDemo */,
			);
		};
/* End PBXProject section */

/* Begin PBXResourcesBuildPhase section */
		261A792F2358A252009A5F9F /* Resources */ = {
			isa = PBXResourcesBuildPhase;
			buildActionMask = 2147483647;
			files = (
				261A79412358A253009A5F9F /* LaunchScreen.storyboard in Resources */,
				261A793E2358A253009A5F9F /* Assets.xcassets in Resources */,
				261A793C2358A252009A5F9F /* Main.storyboard in Resources */,
			);
			runOnlyForDeploymentPostprocessing = 0;
		};
/* End PBXResourcesBuildPhase section */

/* Begin PBXSourcesBuildPhase section */
		261A792D2358A252009A5F9F /* Sources */ = {
			isa = PBXSourcesBuildPhase;
			buildActionMask = 2147483647;
			files = (
				261A79392358A252009A5F9F /* TapGestureVC.swift in Sources */,
				261A79352358A252009A5F9F /* AppDelegate.swift in Sources */,
				03F968632358B2BC00738DB6 /* PinchGestureVC.swift in Sources */,
				261A79372358A252009A5F9F /* SceneDelegate.swift in Sources */,
				03ACED6B2359E3F9008277A6 /* RotationGestureVC.swift in Sources */,
				03F968612358AF3200738DB6 /* SelectDemoVC.swift in Sources */,
				26546170235B081A005047B1 /* PanGestureVC.swift in Sources */,
			);
			runOnlyForDeploymentPostprocessing = 0;
		};
/* End PBXSourcesBuildPhase section */

/* Begin PBXVariantGroup section */
		261A793A2358A252009A5F9F /* Main.storyboard */ = {
			isa = PBXVariantGroup;
			children = (
				261A793B2358A252009A5F9F /* Base */,
			);
			name = Main.storyboard;
			sourceTree = "<group>";
		};
		261A793F2358A253009A5F9F /* LaunchScreen.storyboard */ = {
			isa = PBXVariantGroup;
			children = (
				261A79402358A253009A5F9F /* Base */,
			);
			name = LaunchScreen.storyboard;
			sourceTree = "<group>";
		};
/* End PBXVariantGroup section */

/* Begin XCBuildConfiguration section */
		261A79432358A253009A5F9F /* Debug */ = {
			isa = XCBuildConfiguration;
			buildSettings = {
				ALWAYS_SEARCH_USER_PATHS = NO;
				CLANG_ANALYZER_NONNULL = YES;
				CLANG_ANALYZER_NUMBER_OBJECT_CONVERSION = YES_AGGRESSIVE;
				CLANG_CXX_LANGUAGE_STANDARD = "gnu++14";
				CLANG_CXX_LIBRARY = "libc++";
				CLANG_ENABLE_MODULES = YES;
				CLANG_ENABLE_OBJC_ARC = YES;
				CLANG_ENABLE_OBJC_WEAK = YES;
				CLANG_WARN_BLOCK_CAPTURE_AUTORELEASING = YES;
				CLANG_WARN_BOOL_CONVERSION = YES;
				CLANG_WARN_COMMA = YES;
				CLANG_WARN_CONSTANT_CONVERSION = YES;
				CLANG_WARN_DEPRECATED_OBJC_IMPLEMENTATIONS = YES;
				CLANG_WARN_DIRECT_OBJC_ISA_USAGE = YES_ERROR;
				CLANG_WARN_DOCUMENTATION_COMMENTS = YES;
				CLANG_WARN_EMPTY_BODY = YES;
				CLANG_WARN_ENUM_CONVERSION = YES;
				CLANG_WARN_INFINITE_RECURSION = YES;
				CLANG_WARN_INT_CONVERSION = YES;
				CLANG_WARN_NON_LITERAL_NULL_CONVERSION = YES;
				CLANG_WARN_OBJC_IMPLICIT_RETAIN_SELF = YES;
				CLANG_WARN_OBJC_LITERAL_CONVERSION = YES;
				CLANG_WARN_OBJC_ROOT_CLASS = YES_ERROR;
				CLANG_WARN_RANGE_LOOP_ANALYSIS = YES;
				CLANG_WARN_STRICT_PROTOTYPES = YES;
				CLANG_WARN_SUSPICIOUS_MOVE = YES;
				CLANG_WARN_UNGUARDED_AVAILABILITY = YES_AGGRESSIVE;
				CLANG_WARN_UNREACHABLE_CODE = YES;
				CLANG_WARN__DUPLICATE_METHOD_MATCH = YES;
				COPY_PHASE_STRIP = NO;
				DEBUG_INFORMATION_FORMAT = dwarf;
				ENABLE_STRICT_OBJC_MSGSEND = YES;
				ENABLE_TESTABILITY = YES;
				GCC_C_LANGUAGE_STANDARD = gnu11;
				GCC_DYNAMIC_NO_PIC = NO;
				GCC_NO_COMMON_BLOCKS = YES;
				GCC_OPTIMIZATION_LEVEL = 0;
				GCC_PREPROCESSOR_DEFINITIONS = (
					"DEBUG=1",
					"$(inherited)",
				);
				GCC_WARN_64_TO_32_BIT_CONVERSION = YES;
				GCC_WARN_ABOUT_RETURN_TYPE = YES_ERROR;
				GCC_WARN_UNDECLARED_SELECTOR = YES;
				GCC_WARN_UNINITIALIZED_AUTOS = YES_AGGRESSIVE;
				GCC_WARN_UNUSED_FUNCTION = YES;
				GCC_WARN_UNUSED_VARIABLE = YES;
				IPHONEOS_DEPLOYMENT_TARGET = 13.1;
				MTL_ENABLE_DEBUG_INFO = INCLUDE_SOURCE;
				MTL_FAST_MATH = YES;
				ONLY_ACTIVE_ARCH = YES;
				SDKROOT = iphoneos;
				SWIFT_ACTIVE_COMPILATION_CONDITIONS = DEBUG;
				SWIFT_OPTIMIZATION_LEVEL = "-Onone";
			};
			name = Debug;
		};
		261A79442358A253009A5F9F /* Release */ = {
			isa = XCBuildConfiguration;
			buildSettings = {
				ALWAYS_SEARCH_USER_PATHS = NO;
				CLANG_ANALYZER_NONNULL = YES;
				CLANG_ANALYZER_NUMBER_OBJECT_CONVERSION = YES_AGGRESSIVE;
				CLANG_CXX_LANGUAGE_STANDARD = "gnu++14";
				CLANG_CXX_LIBRARY = "libc++";
				CLANG_ENABLE_MODULES = YES;
				CLANG_ENABLE_OBJC_ARC = YES;
				CLANG_ENABLE_OBJC_WEAK = YES;
				CLANG_WARN_BLOCK_CAPTURE_AUTORELEASING = YES;
				CLANG_WARN_BOOL_CONVERSION = YES;
				CLANG_WARN_COMMA = YES;
				CLANG_WARN_CONSTANT_CONVERSION = YES;
				CLANG_WARN_DEPRECATED_OBJC_IMPLEMENTATIONS = YES;
				CLANG_WARN_DIRECT_OBJC_ISA_USAGE = YES_ERROR;
				CLANG_WARN_DOCUMENTATION_COMMENTS = YES;
				CLANG_WARN_EMPTY_BODY = YES;
				CLANG_WARN_ENUM_CONVERSION = YES;
				CLANG_WARN_INFINITE_RECURSION = YES;
				CLANG_WARN_INT_CONVERSION = YES;
				CLANG_WARN_NON_LITERAL_NULL_CONVERSION = YES;
				CLANG_WARN_OBJC_IMPLICIT_RETAIN_SELF = YES;
				CLANG_WARN_OBJC_LITERAL_CONVERSION = YES;
				CLANG_WARN_OBJC_ROOT_CLASS = YES_ERROR;
				CLANG_WARN_RANGE_LOOP_ANALYSIS = YES;
				CLANG_WARN_STRICT_PROTOTYPES = YES;
				CLANG_WARN_SUSPICIOUS_MOVE = YES;
				CLANG_WARN_UNGUARDED_AVAILABILITY = YES_AGGRESSIVE;
				CLANG_WARN_UNREACHABLE_CODE = YES;
				CLANG_WARN__DUPLICATE_METHOD_MATCH = YES;
				COPY_PHASE_STRIP = NO;
				DEBUG_INFORMATION_FORMAT = "dwarf-with-dsym";
				ENABLE_NS_ASSERTIONS = NO;
				ENABLE_STRICT_OBJC_MSGSEND = YES;
				GCC_C_LANGUAGE_STANDARD = gnu11;
				GCC_NO_COMMON_BLOCKS = YES;
				GCC_WARN_64_TO_32_BIT_CONVERSION = YES;
				GCC_WARN_ABOUT_RETURN_TYPE = YES_ERROR;
				GCC_WARN_UNDECLARED_SELECTOR = YES;
				GCC_WARN_UNINITIALIZED_AUTOS = YES_AGGRESSIVE;
				GCC_WARN_UNUSED_FUNCTION = YES;
				GCC_WARN_UNUSED_VARIABLE = YES;
				IPHONEOS_DEPLOYMENT_TARGET = 13.1;
				MTL_ENABLE_DEBUG_INFO = NO;
				MTL_FAST_MATH = YES;
				SDKROOT = iphoneos;
				SWIFT_COMPILATION_MODE = wholemodule;
				SWIFT_OPTIMIZATION_LEVEL = "-O";
				VALIDATE_PRODUCT = YES;
			};
			name = Release;
		};
		261A79462358A253009A5F9F /* Debug */ = {
			isa = XCBuildConfiguration;
			buildSettings = {
				ASSETCATALOG_COMPILER_APPICON_NAME = AppIcon;
				CODE_SIGN_STYLE = Automatic;
				DEVELOPMENT_TEAM = C7Z3QND73W;
				INFOPLIST_FILE = GestureRecognizersDemo/Info.plist;
				LD_RUNPATH_SEARCH_PATHS = (
					"$(inherited)",
					"@executable_path/Frameworks",
				);
				PRODUCT_BUNDLE_IDENTIFIER = cc.boldlion.GestureRecognizersDemo;
				PRODUCT_NAME = "$(TARGET_NAME)";
				SWIFT_VERSION = 5.0;
				TARGETED_DEVICE_FAMILY = "1,2";
			};
			name = Debug;
		};
		261A79472358A253009A5F9F /* Release */ = {
			isa = XCBuildConfiguration;
			buildSettings = {
				ASSETCATALOG_COMPILER_APPICON_NAME = AppIcon;
				CODE_SIGN_STYLE = Automatic;
				DEVELOPMENT_TEAM = C7Z3QND73W;
				INFOPLIST_FILE = GestureRecognizersDemo/Info.plist;
				LD_RUNPATH_SEARCH_PATHS = (
					"$(inherited)",
					"@executable_path/Frameworks",
				);
				PRODUCT_BUNDLE_IDENTIFIER = cc.boldlion.GestureRecognizersDemo;
				PRODUCT_NAME = "$(TARGET_NAME)";
				SWIFT_VERSION = 5.0;
				TARGETED_DEVICE_FAMILY = "1,2";
			};
			name = Release;
		};
/* End XCBuildConfiguration section */

/* Begin XCConfigurationList section */
		261A792C2358A252009A5F9F /* Build configuration list for PBXProject "GestureRecognizersDemo" */ = {
			isa = XCConfigurationList;
			buildConfigurations = (
				261A79432358A253009A5F9F /* Debug */,
				261A79442358A253009A5F9F /* Release */,
			);
			defaultConfigurationIsVisible = 0;
			defaultConfigurationName = Release;
		};
		261A79452358A253009A5F9F /* Build configuration list for PBXNativeTarget "GestureRecognizersDemo" */ = {
			isa = XCConfigurationList;
			buildConfigurations = (
				261A79462358A253009A5F9F /* Debug */,
				261A79472358A253009A5F9F /* Release */,
			);
			defaultConfigurationIsVisible = 0;
			defaultConfigurationName = Release;
		};
/* End XCConfigurationList section */
	};
	rootObject = 261A79292358A252009A5F9F /* Project object */;
}
